
Microsoft Visual Studio Solution File, Format Version 12.00
# Visual Studio Version 17
VisualStudioVersion = 17.8.34525.116
MinimumVisualStudioVersion = 10.0.40219.1
Project("{888888A0-9F3D-457C-B088-3A5042F75D52}") = "BST", "BST.pyproj", "{5CA9DEE9-4648-452B-B393-02C8A1854B81}"
EndProject
Global
	GlobalSection(SolutionConfigurationPlatforms) = preSolution
		Debug|Any CPU = Debug|Any CPU
		Release|Any CPU = Release|Any CPU
	EndGlobalSection
	GlobalSection(ProjectConfigurationPlatforms) = postSolution
		{5CA9DEE9-4648-452B-B393-02C8A1854B81}.Debug|Any CPU.ActiveCfg = Debug|Any CPU
		{5CA9DEE9-4648-452B-B393-02C8A1854B81}.Release|Any CPU.ActiveCfg = Release|Any CPU
	EndGlobalSection
	GlobalSection(SolutionProperties) = preSolution
		HideSolutionNode = FALSE
	EndGlobalSection
	GlobalSection(ExtensibilityGlobals) = postSolution
		SolutionGuid = {37AD10F9-CCF8-4A65-AA86-7B4F892003B0}
	EndGlobalSection
EndGlobal
